// !$*UTF8*$!
{
	archiveVersion = 1;
	classes = {
	};
	objectVersion = 56;
	objects = {

/* Begin PBXBuildFile section */
		2A152AC62A8D9BE6009B1D1D /* DatePickerSheet.swift in Sources */ = {isa = PBXBuildFile; fileRef = 2A152AC52A8D9BE6009B1D1D /* DatePickerSheet.swift */; };
		2A4D51AD2A8F22B3005BDA3A /* TimeBlockView.swift in Sources */ = {isa = PBXBuildFile; fileRef = 2A4D51AC2A8F22B3005BDA3A /* TimeBlockView.swift */; };
		2A8CC69B2A974A4F006C85D9 /* RootBlockDetailView.swift in Sources */ = {isa = PBXBuildFile; fileRef = 2A8CC69A2A974A4E006C85D9 /* RootBlockDetailView.swift */; };
		2A9E6ECB2AA2C959005B17A5 /* RotationDetectingTool.swift in Sources */ = {isa = PBXBuildFile; fileRef = 2A9E6ECA2AA2C959005B17A5 /* RotationDetectingTool.swift */; };
		2AA49D892A8E087800700475 /* TimeBlockAddingSheet.swift in Sources */ = {isa = PBXBuildFile; fileRef = 2AA49D882A8E087800700475 /* TimeBlockAddingSheet.swift */; };
		2AB58FF72A92B64B00B85638 /* DateFormatingTool.swift in Sources */ = {isa = PBXBuildFile; fileRef = 2AB58FF62A92B64B00B85638 /* DateFormatingTool.swift */; };
		2AB58FF92A92E0C900B85638 /* SubBlockDetailView.swift in Sources */ = {isa = PBXBuildFile; fileRef = 2AB58FF82A92E0C900B85638 /* SubBlockDetailView.swift */; };
		2AF56BD22A8C807F00CAC481 /* TimeAddictionApp.swift in Sources */ = {isa = PBXBuildFile; fileRef = 2AF56BD12A8C807F00CAC481 /* TimeAddictionApp.swift */; };
		2AF56BD42A8C807F00CAC481 /* ContentView.swift in Sources */ = {isa = PBXBuildFile; fileRef = 2AF56BD32A8C807F00CAC481 /* ContentView.swift */; };
		2AF56BD62A8C808100CAC481 /* Assets.xcassets in Resources */ = {isa = PBXBuildFile; fileRef = 2AF56BD52A8C808100CAC481 /* Assets.xcassets */; };
		2AF56BD92A8C808100CAC481 /* Preview Assets.xcassets in Resources */ = {isa = PBXBuildFile; fileRef = 2AF56BD82A8C808100CAC481 /* Preview Assets.xcassets */; };
		2AF56BE02A8C813400CAC481 /* TimeBlock.swift in Sources */ = {isa = PBXBuildFile; fileRef = 2AF56BDF2A8C813400CAC481 /* TimeBlock.swift */; };
		2AF56BE22A8C849300CAC481 /* DayBlock.swift in Sources */ = {isa = PBXBuildFile; fileRef = 2AF56BE12A8C849300CAC481 /* DayBlock.swift */; };
		2AF56BE42A8C8CB600CAC481 /* PreviewSwiftData.swift in Sources */ = {isa = PBXBuildFile; fileRef = 2AF56BE32A8C8CB600CAC481 /* PreviewSwiftData.swift */; };
/* End PBXBuildFile section */

/* Begin PBXFileReference section */
		2A152AC52A8D9BE6009B1D1D /* DatePickerSheet.swift */ = {isa = PBXFileReference; lastKnownFileType = sourcecode.swift; path = DatePickerSheet.swift; sourceTree = "<group>"; };
		2A4D51AC2A8F22B3005BDA3A /* TimeBlockView.swift */ = {isa = PBXFileReference; lastKnownFileType = sourcecode.swift; path = TimeBlockView.swift; sourceTree = "<group>"; };
		2A8CC69A2A974A4E006C85D9 /* RootBlockDetailView.swift */ = {isa = PBXFileReference; lastKnownFileType = sourcecode.swift; path = RootBlockDetailView.swift; sourceTree = "<group>"; };
		2A9E6ECA2AA2C959005B17A5 /* RotationDetectingTool.swift */ = {isa = PBXFileReference; lastKnownFileType = sourcecode.swift; path = RotationDetectingTool.swift; sourceTree = "<group>"; };
		2AA49D882A8E087800700475 /* TimeBlockAddingSheet.swift */ = {isa = PBXFileReference; lastKnownFileType = sourcecode.swift; path = TimeBlockAddingSheet.swift; sourceTree = "<group>"; };
		2AB58FF62A92B64B00B85638 /* DateFormatingTool.swift */ = {isa = PBXFileReference; lastKnownFileType = sourcecode.swift; path = DateFormatingTool.swift; sourceTree = "<group>"; };
		2AB58FF82A92E0C900B85638 /* SubBlockDetailView.swift */ = {isa = PBXFileReference; lastKnownFileType = sourcecode.swift; path = SubBlockDetailView.swift; sourceTree = "<group>"; };
		2AF56BCE2A8C807F00CAC481 /* TimeAddiction.app */ = {isa = PBXFileReference; explicitFileType = wrapper.application; includeInIndex = 0; path = TimeAddiction.app; sourceTree = BUILT_PRODUCTS_DIR; };
		2AF56BD12A8C807F00CAC481 /* TimeAddictionApp.swift */ = {isa = PBXFileReference; lastKnownFileType = sourcecode.swift; path = TimeAddictionApp.swift; sourceTree = "<group>"; };
		2AF56BD32A8C807F00CAC481 /* ContentView.swift */ = {isa = PBXFileReference; lastKnownFileType = sourcecode.swift; path = ContentView.swift; sourceTree = "<group>"; };
		2AF56BD52A8C808100CAC481 /* Assets.xcassets */ = {isa = PBXFileReference; lastKnownFileType = folder.assetcatalog; path = Assets.xcassets; sourceTree = "<group>"; };
		2AF56BD82A8C808100CAC481 /* Preview Assets.xcassets */ = {isa = PBXFileReference; lastKnownFileType = folder.assetcatalog; path = "Preview Assets.xcassets"; sourceTree = "<group>"; };
		2AF56BDF2A8C813400CAC481 /* TimeBlock.swift */ = {isa = PBXFileReference; lastKnownFileType = sourcecode.swift; path = TimeBlock.swift; sourceTree = "<group>"; };
		2AF56BE12A8C849300CAC481 /* DayBlock.swift */ = {isa = PBXFileReference; lastKnownFileType = sourcecode.swift; path = DayBlock.swift; sourceTree = "<group>"; };
		2AF56BE32A8C8CB600CAC481 /* PreviewSwiftData.swift */ = {isa = PBXFileReference; lastKnownFileType = sourcecode.swift; path = PreviewSwiftData.swift; sourceTree = "<group>"; };
/* End PBXFileReference section */

/* Begin PBXFrameworksBuildPhase section */
		2AF56BCB2A8C807F00CAC481 /* Frameworks */ = {
			isa = PBXFrameworksBuildPhase;
			buildActionMask = 2147483647;
			files = (
			);
			runOnlyForDeploymentPostprocessing = 0;
		};
/* End PBXFrameworksBuildPhase section */

/* Begin PBXGroup section */
		2AF56BC52A8C807F00CAC481 = {
			isa = PBXGroup;
			children = (
				2AF56BD02A8C807F00CAC481 /* TimeAddiction */,
				2AF56BCF2A8C807F00CAC481 /* Products */,
			);
			sourceTree = "<group>";
		};
		2AF56BCF2A8C807F00CAC481 /* Products */ = {
			isa = PBXGroup;
			children = (
				2AF56BCE2A8C807F00CAC481 /* TimeAddiction.app */,
			);
			name = Products;
			sourceTree = "<group>";
		};
		2AF56BD02A8C807F00CAC481 /* TimeAddiction */ = {
			isa = PBXGroup;
			children = (
				2AF56BD12A8C807F00CAC481 /* TimeAddictionApp.swift */,
				2AF56BD32A8C807F00CAC481 /* ContentView.swift */,
				2A4D51AC2A8F22B3005BDA3A /* TimeBlockView.swift */,
				2A8CC69A2A974A4E006C85D9 /* RootBlockDetailView.swift */,
				2AB58FF82A92E0C900B85638 /* SubBlockDetailView.swift */,
				2AF56BD52A8C808100CAC481 /* Assets.xcassets */,
				2AF56BD72A8C808100CAC481 /* Preview Content */,
				2AF56BDF2A8C813400CAC481 /* TimeBlock.swift */,
				2AF56BE12A8C849300CAC481 /* DayBlock.swift */,
				2A152AC52A8D9BE6009B1D1D /* DatePickerSheet.swift */,
				2AA49D882A8E087800700475 /* TimeBlockAddingSheet.swift */,
				2AB58FF62A92B64B00B85638 /* DateFormatingTool.swift */,
				2A9E6ECA2AA2C959005B17A5 /* RotationDetectingTool.swift */,
			);
			path = TimeAddiction;
			sourceTree = "<group>";
		};
		2AF56BD72A8C808100CAC481 /* Preview Content */ = {
			isa = PBXGroup;
			children = (
				2AF56BD82A8C808100CAC481 /* Preview Assets.xcassets */,
				2AF56BE32A8C8CB600CAC481 /* PreviewSwiftData.swift */,
			);
			path = "Preview Content";
			sourceTree = "<group>";
		};
/* End PBXGroup section */

/* Begin PBXNativeTarget section */
		2AF56BCD2A8C807F00CAC481 /* TimeAddiction */ = {
			isa = PBXNativeTarget;
			buildConfigurationList = 2AF56BDC2A8C808100CAC481 /* Build configuration list for PBXNativeTarget "TimeAddiction" */;
			buildPhases = (
				2AF56BCA2A8C807F00CAC481 /* Sources */,
				2AF56BCB2A8C807F00CAC481 /* Frameworks */,
				2AF56BCC2A8C807F00CAC481 /* Resources */,
			);
			buildRules = (
			);
			dependencies = (
			);
			name = TimeAddiction;
			productName = TimeAddiction;
			productReference = 2AF56BCE2A8C807F00CAC481 /* TimeAddiction.app */;
			productType = "com.apple.product-type.application";
		};
/* End PBXNativeTarget section */

/* Begin PBXProject section */
		2AF56BC62A8C807F00CAC481 /* Project object */ = {
			isa = PBXProject;
			attributes = {
				BuildIndependentTargetsInParallel = 1;
				LastSwiftUpdateCheck = 1500;
				LastUpgradeCheck = 1500;
				TargetAttributes = {
					2AF56BCD2A8C807F00CAC481 = {
						CreatedOnToolsVersion = 15.0;
					};
				};
			};
			buildConfigurationList = 2AF56BC92A8C807F00CAC481 /* Build configuration list for PBXProject "TimeAddiction" */;
			compatibilityVersion = "Xcode 14.0";
			developmentRegion = ko;
			hasScannedForEncodings = 0;
			knownRegions = (
				en,
				Base,
				ko,
			);
			mainGroup = 2AF56BC52A8C807F00CAC481;
			productRefGroup = 2AF56BCF2A8C807F00CAC481 /* Products */;
			projectDirPath = "";
			projectRoot = "";
			targets = (
				2AF56BCD2A8C807F00CAC481 /* TimeAddiction */,
			);
		};
/* End PBXProject section */

/* Begin PBXResourcesBuildPhase section */
		2AF56BCC2A8C807F00CAC481 /* Resources */ = {
			isa = PBXResourcesBuildPhase;
			buildActionMask = 2147483647;
			files = (
				2AF56BD92A8C808100CAC481 /* Preview Assets.xcassets in Resources */,
				2AF56BD62A8C808100CAC481 /* Assets.xcassets in Resources */,
			);
			runOnlyForDeploymentPostprocessing = 0;
		};
/* End PBXResourcesBuildPhase section */

/* Begin PBXSourcesBuildPhase section */
		2AF56BCA2A8C807F00CAC481 /* Sources */ = {
			isa = PBXSourcesBuildPhase;
			buildActionMask = 2147483647;
			files = (
				2AF56BE02A8C813400CAC481 /* TimeBlock.swift in Sources */,
				2A8CC69B2A974A4F006C85D9 /* RootBlockDetailView.swift in Sources */,
				2A152AC62A8D9BE6009B1D1D /* DatePickerSheet.swift in Sources */,
				2AF56BD42A8C807F00CAC481 /* ContentView.swift in Sources */,
				2AB58FF72A92B64B00B85638 /* DateFormatingTool.swift in Sources */,
				2AB58FF92A92E0C900B85638 /* SubBlockDetailView.swift in Sources */,
				2A4D51AD2A8F22B3005BDA3A /* TimeBlockView.swift in Sources */,
				2A9E6ECB2AA2C959005B17A5 /* RotationDetectingTool.swift in Sources */,
				2AF56BE22A8C849300CAC481 /* DayBlock.swift in Sources */,
				2AA49D892A8E087800700475 /* TimeBlockAddingSheet.swift in Sources */,
				2AF56BE42A8C8CB600CAC481 /* PreviewSwiftData.swift in Sources */,
				2AF56BD22A8C807F00CAC481 /* TimeAddictionApp.swift in Sources */,
			);
			runOnlyForDeploymentPostprocessing = 0;
		};
/* End PBXSourcesBuildPhase section */

/* Begin XCBuildConfiguration section */
		2AF56BDA2A8C808100CAC481 /* Debug */ = {
			isa = XCBuildConfiguration;
			buildSettings = {
				ALWAYS_SEARCH_USER_PATHS = NO;
				ASSETCATALOG_COMPILER_GENERATE_SWIFT_ASSET_SYMBOL_EXTENSIONS = YES;
				CLANG_ANALYZER_NONNULL = YES;
				CLANG_ANALYZER_NUMBER_OBJECT_CONVERSION = YES_AGGRESSIVE;
				CLANG_CXX_LANGUAGE_STANDARD = "gnu++20";
				CLANG_ENABLE_MODULES = YES;
				CLANG_ENABLE_OBJC_ARC = YES;
				CLANG_ENABLE_OBJC_WEAK = YES;
				CLANG_WARN_BLOCK_CAPTURE_AUTORELEASING = YES;
				CLANG_WARN_BOOL_CONVERSION = YES;
				CLANG_WARN_COMMA = YES;
				CLANG_WARN_CONSTANT_CONVERSION = YES;
				CLANG_WARN_DEPRECATED_OBJC_IMPLEMENTATIONS = YES;
				CLANG_WARN_DIRECT_OBJC_ISA_USAGE = YES_ERROR;
				CLANG_WARN_DOCUMENTATION_COMMENTS = YES;
				CLANG_WARN_EMPTY_BODY = YES;
				CLANG_WARN_ENUM_CONVERSION = YES;
				CLANG_WARN_INFINITE_RECURSION = YES;
				CLANG_WARN_INT_CONVERSION = YES;
				CLANG_WARN_NON_LITERAL_NULL_CONVERSION = YES;
				CLANG_WARN_OBJC_IMPLICIT_RETAIN_SELF = YES;
				CLANG_WARN_OBJC_LITERAL_CONVERSION = YES;
				CLANG_WARN_OBJC_ROOT_CLASS = YES_ERROR;
				CLANG_WARN_QUOTED_INCLUDE_IN_FRAMEWORK_HEADER = YES;
				CLANG_WARN_RANGE_LOOP_ANALYSIS = YES;
				CLANG_WARN_STRICT_PROTOTYPES = YES;
				CLANG_WARN_SUSPICIOUS_MOVE = YES;
				CLANG_WARN_UNGUARDED_AVAILABILITY = YES_AGGRESSIVE;
				CLANG_WARN_UNREACHABLE_CODE = YES;
				CLANG_WARN__DUPLICATE_METHOD_MATCH = YES;
				COPY_PHASE_STRIP = NO;
				DEBUG_INFORMATION_FORMAT = dwarf;
				ENABLE_STRICT_OBJC_MSGSEND = YES;
				ENABLE_TESTABILITY = YES;
				ENABLE_USER_SCRIPT_SANDBOXING = YES;
				GCC_C_LANGUAGE_STANDARD = gnu17;
				GCC_DYNAMIC_NO_PIC = NO;
				GCC_NO_COMMON_BLOCKS = YES;
				GCC_OPTIMIZATION_LEVEL = 0;
				GCC_PREPROCESSOR_DEFINITIONS = (
					"DEBUG=1",
					"$(inherited)",
				);
				GCC_WARN_64_TO_32_BIT_CONVERSION = YES;
				GCC_WARN_ABOUT_RETURN_TYPE = YES_ERROR;
				GCC_WARN_UNDECLARED_SELECTOR = YES;
				GCC_WARN_UNINITIALIZED_AUTOS = YES_AGGRESSIVE;
				GCC_WARN_UNUSED_FUNCTION = YES;
				GCC_WARN_UNUSED_VARIABLE = YES;
				IPHONEOS_DEPLOYMENT_TARGET = 17.0;
				LOCALIZATION_PREFERS_STRING_CATALOGS = YES;
				MTL_ENABLE_DEBUG_INFO = INCLUDE_SOURCE;
				MTL_FAST_MATH = YES;
				ONLY_ACTIVE_ARCH = YES;
				SDKROOT = iphoneos;
				SWIFT_ACTIVE_COMPILATION_CONDITIONS = "DEBUG $(inherited)";
				SWIFT_OPTIMIZATION_LEVEL = "-Onone";
			};
			name = Debug;
		};
		2AF56BDB2A8C808100CAC481 /* Release */ = {
			isa = XCBuildConfiguration;
			buildSettings = {
				ALWAYS_SEARCH_USER_PATHS = NO;
				ASSETCATALOG_COMPILER_GENERATE_SWIFT_ASSET_SYMBOL_EXTENSIONS = YES;
				CLANG_ANALYZER_NONNULL = YES;
				CLANG_ANALYZER_NUMBER_OBJECT_CONVERSION = YES_AGGRESSIVE;
				CLANG_CXX_LANGUAGE_STANDARD = "gnu++20";
				CLANG_ENABLE_MODULES = YES;
				CLANG_ENABLE_OBJC_ARC = YES;
				CLANG_ENABLE_OBJC_WEAK = YES;
				CLANG_WARN_BLOCK_CAPTURE_AUTORELEASING = YES;
				CLANG_WARN_BOOL_CONVERSION = YES;
				CLANG_WARN_COMMA = YES;
				CLANG_WARN_CONSTANT_CONVERSION = YES;
				CLANG_WARN_DEPRECATED_OBJC_IMPLEMENTATIONS = YES;
				CLANG_WARN_DIRECT_OBJC_ISA_USAGE = YES_ERROR;
				CLANG_WARN_DOCUMENTATION_COMMENTS = YES;
				CLANG_WARN_EMPTY_BODY = YES;
				CLANG_WARN_ENUM_CONVERSION = YES;
				CLANG_WARN_INFINITE_RECURSION = YES;
				CLANG_WARN_INT_CONVERSION = YES;
				CLANG_WARN_NON_LITERAL_NULL_CONVERSION = YES;
				CLANG_WARN_OBJC_IMPLICIT_RETAIN_SELF = YES;
				CLANG_WARN_OBJC_LITERAL_CONVERSION = YES;
				CLANG_WARN_OBJC_ROOT_CLASS = YES_ERROR;
				CLANG_WARN_QUOTED_INCLUDE_IN_FRAMEWORK_HEADER = YES;
				CLANG_WARN_RANGE_LOOP_ANALYSIS = YES;
				CLANG_WARN_STRICT_PROTOTYPES = YES;
				CLANG_WARN_SUSPICIOUS_MOVE = YES;
				CLANG_WARN_UNGUARDED_AVAILABILITY = YES_AGGRESSIVE;
				CLANG_WARN_UNREACHABLE_CODE = YES;
				CLANG_WARN__DUPLICATE_METHOD_MATCH = YES;
				COPY_PHASE_STRIP = NO;
				DEBUG_INFORMATION_FORMAT = "dwarf-with-dsym";
				ENABLE_NS_ASSERTIONS = NO;
				ENABLE_STRICT_OBJC_MSGSEND = YES;
				ENABLE_USER_SCRIPT_SANDBOXING = YES;
				GCC_C_LANGUAGE_STANDARD = gnu17;
				GCC_NO_COMMON_BLOCKS = YES;
				GCC_WARN_64_TO_32_BIT_CONVERSION = YES;
				GCC_WARN_ABOUT_RETURN_TYPE = YES_ERROR;
				GCC_WARN_UNDECLARED_SELECTOR = YES;
				GCC_WARN_UNINITIALIZED_AUTOS = YES_AGGRESSIVE;
				GCC_WARN_UNUSED_FUNCTION = YES;
				GCC_WARN_UNUSED_VARIABLE = YES;
				IPHONEOS_DEPLOYMENT_TARGET = 17.0;
				LOCALIZATION_PREFERS_STRING_CATALOGS = YES;
				MTL_ENABLE_DEBUG_INFO = NO;
				MTL_FAST_MATH = YES;
				SDKROOT = iphoneos;
				SWIFT_COMPILATION_MODE = wholemodule;
				VALIDATE_PRODUCT = YES;
			};
			name = Release;
		};
		2AF56BDD2A8C808100CAC481 /* Debug */ = {
			isa = XCBuildConfiguration;
			buildSettings = {
				ASSETCATALOG_COMPILER_APPICON_NAME = AppIcon;
				ASSETCATALOG_COMPILER_GLOBAL_ACCENT_COLOR_NAME = AccentColor;
				CODE_SIGN_STYLE = Automatic;
				CURRENT_PROJECT_VERSION = 1;
				DEVELOPMENT_ASSET_PATHS = "\"TimeAddiction/Preview Content\"";
				DEVELOPMENT_TEAM = SGPG826RYP;
				ENABLE_PREVIEWS = YES;
				GENERATE_INFOPLIST_FILE = YES;
				INFOPLIST_KEY_UIApplicationSceneManifest_Generation = YES;
				INFOPLIST_KEY_UIApplicationSupportsIndirectInputEvents = YES;
				INFOPLIST_KEY_UILaunchScreen_Generation = YES;
				INFOPLIST_KEY_UISupportedInterfaceOrientations_iPad = "UIInterfaceOrientationPortrait UIInterfaceOrientationPortraitUpsideDown UIInterfaceOrientationLandscapeLeft UIInterfaceOrientationLandscapeRight";
				INFOPLIST_KEY_UISupportedInterfaceOrientations_iPhone = "UIInterfaceOrientationPortrait UIInterfaceOrientationLandscapeLeft UIInterfaceOrientationLandscapeRight";
				LD_RUNPATH_SEARCH_PATHS = (
					"$(inherited)",
					"@executable_path/Frameworks",
				);
				MARKETING_VERSION = 1.0;
				PRODUCT_BUNDLE_IDENTIFIER = com.doldamul.TimeAddiction;
				PRODUCT_NAME = "$(TARGET_NAME)";
				SWIFT_EMIT_LOC_STRINGS = YES;
				SWIFT_VERSION = 5.0;
				TARGETED_DEVICE_FAMILY = "1,2";
			};
			name = Debug;
		};
		2AF56BDE2A8C808100CAC481 /* Release */ = {
			isa = XCBuildConfiguration;
			buildSettings = {
				ASSETCATALOG_COMPILER_APPICON_NAME = AppIcon;
				ASSETCATALOG_COMPILER_GLOBAL_ACCENT_COLOR_NAME = AccentColor;
				CODE_SIGN_STYLE = Automatic;
				CURRENT_PROJECT_VERSION = 1;
				DEVELOPMENT_ASSET_PATHS = "\"TimeAddiction/Preview Content\"";
				DEVELOPMENT_TEAM = SGPG826RYP;
				ENABLE_PREVIEWS = YES;
				GENERATE_INFOPLIST_FILE = YES;
				INFOPLIST_KEY_UIApplicationSceneManifest_Generation = YES;
				INFOPLIST_KEY_UIApplicationSupportsIndirectInputEvents = YES;
				INFOPLIST_KEY_UILaunchScreen_Generation = YES;
				INFOPLIST_KEY_UISupportedInterfaceOrientations_iPad = "UIInterfaceOrientationPortrait UIInterfaceOrientationPortraitUpsideDown UIInterfaceOrientationLandscapeLeft UIInterfaceOrientationLandscapeRight";
				INFOPLIST_KEY_UISupportedInterfaceOrientations_iPhone = "UIInterfaceOrientationPortrait UIInterfaceOrientationLandscapeLeft UIInterfaceOrientationLandscapeRight";
				LD_RUNPATH_SEARCH_PATHS = (
					"$(inherited)",
					"@executable_path/Frameworks",
				);
				MARKETING_VERSION = 1.0;
				PRODUCT_BUNDLE_IDENTIFIER = com.doldamul.TimeAddiction;
				PRODUCT_NAME = "$(TARGET_NAME)";
				SWIFT_EMIT_LOC_STRINGS = YES;
				SWIFT_VERSION = 5.0;
				TARGETED_DEVICE_FAMILY = "1,2";
			};
			name = Release;
		};
/* End XCBuildConfiguration section */

/* Begin XCConfigurationList section */
		2AF56BC92A8C807F00CAC481 /* Build configuration list for PBXProject "TimeAddiction" */ = {
			isa = XCConfigurationList;
			buildConfigurations = (
				2AF56BDA2A8C808100CAC481 /* Debug */,
				2AF56BDB2A8C808100CAC481 /* Release */,
			);
			defaultConfigurationIsVisible = 0;
			defaultConfigurationName = Release;
		};
		2AF56BDC2A8C808100CAC481 /* Build configuration list for PBXNativeTarget "TimeAddiction" */ = {
			isa = XCConfigurationList;
			buildConfigurations = (
				2AF56BDD2A8C808100CAC481 /* Debug */,
				2AF56BDE2A8C808100CAC481 /* Release */,
			);
			defaultConfigurationIsVisible = 0;
			defaultConfigurationName = Release;
		};
/* End XCConfigurationList section */
	};
	rootObject = 2AF56BC62A8C807F00CAC481 /* Project object */;
}
